github.com/FortAwesome/Font-Awesome v0.0.0-20210804190922-7d3d774145ac/go.mod h1:IUgezN/MFpCDIlFezw3L8j83oeiIuYoj28Miwr/KUYo=
github.com/FortAwesome/Font-Awesome v0.0.0-20220831210243-d3a7818c253f/go.mod h1:IUgezN/MFpCDIlFezw3L8j83oeiIuYoj28Miwr/KUYo=
github.com/FortAwesome/Font-Awesome v0.0.0-20230327165841-0698449d50f2/go.mod h1:IUgezN/MFpCDIlFezw3L8j83oeiIuYoj28Miwr/KUYo=
github.com/FortAwesome/Font-Awesome v0.0.0-20240108205627-a1232e345536/go.mod h1:IUgezN/MFpCDIlFezw3L8j83oeiIuYoj28Miwr/KUYo=
github.com/FortAwesome/Font-Awesome v0.0.0-20240402185447-c0f460dca7f7/go.mod h1:IUgezN/MFpCDIlFezw3L8j83oeiIuYoj28Miwr/KUYo=
github.com/FortAwesome/Font-Awesome v0.0.0-20240716171331-37eff7fa00de/go.mod h1:IUgezN/MFpCDIlFezw3L8j83oeiIuYoj28Miwr/KUYo=
github.com/acend/docsy-acend v0.0.0-20220406070448-8027986336dc h1:kNDPVcZCXsbJxqDstPoesa9YqWx84BVowj9cgxG6dnE=
github.com/acend/docsy-acend v0.0.0-20220406070448-8027986336dc/go.mod h1:92hTJB3aPssEooTK+gv0i84vwTjah30HKaLGdupJaPA=
github.com/acend/docsy-acend v0.0.0-20220803144727-ae91bbd8a950 h1:U9lxN8KbS2BMDINtOh3GiIdgXl/5lse+TjxsUr0gcNs=
github.com/acend/docsy-acend v0.0.0-20220803144727-ae91bbd8a950/go.mod h1:h8XZkPe1VufdOQfFXcLVQ7FvOJyIMKr8rJcSvWStG2g=
github.com/acend/docsy-acend v0.0.0-20230301101952-9253f0a31c68 h1:trqoLzVYYvjHqexqpuqNzObHdJ3oSP6EqWfl3w/nPPE=
github.com/acend/docsy-acend v0.0.0-20230301101952-9253f0a31c68/go.mod h1:h8XZkPe1VufdOQfFXcLVQ7FvOJyIMKr8rJcSvWStG2g=
github.com/acend/docsy-acend v1.0.0 h1:TwmHoH3z6lh5zcNj6zUpMP4lYOhQ+OOgcbBwr7AqVoo=
github.com/acend/docsy-acend v1.0.0/go.mod h1:h8XZkPe1VufdOQfFXcLVQ7FvOJyIMKr8rJcSvWStG2g=
github.com/acend/docsy-plus v0.0.0-20220428195954-da462686a1f4 h1:NH8RTlmPMcTPxfZYlqYWWcqoQ5STebCQikKByJVRnAA=
github.com/acend/docsy-plus v0.0.0-20220428195954-da462686a1f4/go.mod h1:FUTTPmi3S92rVMbCYqXdGNxixdyqACBrFTK7dOuMttQ=
github.com/acend/docsy-plus v0.0.0-20220803122230-63e7228e737f h1:RMe3ZZ9KHUImhufaGViI6gnSTraEk+xvlTu9ae1lbys=
github.com/acend/docsy-plus v0.0.0-20220803122230-63e7228e737f/go.mod h1:YDHqf+DCZcx5HvKGzaBluPmLfgHQ2GKkYjggvF98jR4=
github.com/acend/docsy-plus v0.0.0-20221007192802-3b68a39bfb09 h1:6L6dny1gmnYw6sEZBh7gSCzbmdpOVdhN5sR1ZFt1Kj0=
github.com/acend/docsy-plus v0.0.0-20221007192802-3b68a39bfb09/go.mod h1:YDHqf+DCZcx5HvKGzaBluPmLfgHQ2GKkYjggvF98jR4=
github.com/acend/docsy-plus v0.0.0-20221124133822-edd51fecdbeb h1:CmN6u5xQRSF5QwnCOCS9zf5VKQO5sZ3SEfwbEG/Tuqc=
github.com/acend/docsy-plus v0.0.0-20221124133822-edd51fecdbeb/go.mod h1:YDHqf+DCZcx5HvKGzaBluPmLfgHQ2GKkYjggvF98jR4=
github.com/acend/docsy-plus v0.0.0-20221209092845-53bb58a32d13 h1:F/3yfoHP+4ljnpRnVZN1bBzgizvhCbj5WDtcj75RAFE=
github.com/acend/docsy-plus v0.0.0-20221209092845-53bb58a32d13/go.mod h1:YDHqf+DCZcx5HvKGzaBluPmLfgHQ2GKkYjggvF98jR4=
github.com/acend/docsy-plus v0.0.0-20230105161448-e6d881895fb8 h1:x791OQBBBb2YAuSy3K1O8Y9ZG81WaPEwephEt9izyaQ=
github.com/acend/docsy-plus v0.0.0-20230105161448-e6d881895fb8/go.mod h1:YDHqf+DCZcx5HvKGzaBluPmLfgHQ2GKkYjggvF98jR4=
github.com/acend/docsy-plus v0.0.0-20230123164631-18634a4858f3 h1:hfXKROkpAnOheSphm7Rhfw84LigCkuaV9Esl4yz8QXQ=
github.com/acend/docsy-plus v0.0.0-20230123164631-18634a4858f3/go.mod h1:YDHqf+DCZcx5HvKGzaBluPmLfgHQ2GKkYjggvF98jR4=
github.com/acend/docsy-plus v0.0.0-20230301142542-2164d6c7e428 h1:5GlTHYZ3W7/LWRD9G5aZHXdRnwb7zkgjR6gqCopLGMk=
github.com/acend/docsy-plus v0.0.0-20230301142542-2164d6c7e428/go.mod h1:YDHqf+DCZcx5HvKGzaBluPmLfgHQ2GKkYjggvF98jR4=
github.com/acend/docsy-plus v0.0.0-20230303095323-1af8d88aadc7 h1:gqzupsXEHLIk9fHmglX6Ob2gCXV/zf0ZYU9ksvqsWAo=
github.com/acend/docsy-plus v0.0.0-20230303095323-1af8d88aadc7/go.mod h1:YDHqf+DCZcx5HvKGzaBluPmLfgHQ2GKkYjggvF98jR4=
github.com/acend/docsy-plus v1.0.0/go.mod h1:YDHqf+DCZcx5HvKGzaBluPmLfgHQ2GKkYjggvF98jR4=
github.com/acend/docsy-plus v1.1.0 h1:MgHPR3YRPrJSWtMS3eQKJivdCEwFHCIKD0jChsZS3SM=
github.com/acend/docsy-plus v1.1.0/go.mod h1:LPbI0Ljrhzt0YHUg8qozWVUXjrMVI1cFVPn3TyQxbcY=
github.com/acend/docsy-plus v1.2.0 h1:MJaMdkqXU6ws7A+6Lzhx4qGvncifund3NF44Tzs7iVM=
github.com/acend/docsy-plus v1.2.0/go.mod h1:LPbI0Ljrhzt0YHUg8qozWVUXjrMVI1cFVPn3TyQxbcY=
github.com/appuio/docsy-appuio v0.0.0-20220406070952-30ec4d3b2e21 h1:gE7yDOEmP5ceIXmkC/+h3SqMvEp9PriveOV5BF9X7YA=
github.com/appuio/docsy-appuio v0.0.0-20220406070952-30ec4d3b2e21/go.mod h1:woqA4bFiktOhfdbK8X/UUP0aSwF8CbjDn9aVpFl2c0E=
github.com/google/docsy v0.4.0 h1:Eyt2aiDC1fnw/Qq/9xnIqUU5n5Yyk4c8gX3nBDdTv/4=
github.com/google/docsy v0.4.0/go.mod h1:vJjGkHNaw9bO42gpFTWwAUzHZWZEVlK46Kx7ikY5c7Y=
github.com/google/docsy v0.6.0 h1:43bVF18t2JihAamelQjjGzx1vO2ljCilVrBgetCA8oI=
github.com/google/docsy v0.6.0/go.mod h1:VKKLqD8PQ7AglJc98yBorATfW7GrNVsn0kGXVYF6G+M=
github.com/google/docsy v0.9.1/go.mod h1:saOqKEUOn07Bc0orM/JdIF3VkOanHta9LU5Y53bwN2U=
github.com/google/docsy v0.10.0 h1:6tMDacPwAyRWNCfvsn/9qGOZDQ8b0aRzjRZvnZPY5dg=
github.com/google/docsy v0.10.0/go.mod h1:c0nIAqmRTOuJ01F85U/wJPQtc3Zj9N58Kea9bOT2AJc=
github.com/google/docsy v0.11.0/go.mod h1:hGGW0OjNuG5ZbH5JRtALY3yvN8ybbEP/v2iaK4bwOUI=
github.com/google/docsy/dependencies v0.4.0 h1:FXwyjtuFfPIPBauU2t7uIAgS6VYfJf+OD5pzxGvkQsQ=
github.com/google/docsy/dependencies v0.4.0/go.mod h1:2zZxHF+2qvkyXhLZtsbnqMotxMukJXLaf8fAZER48oo=
github.com/google/docsy/dependencies v0.6.0 h1:BFXDCINbp8ZuUGl/mrHjMfhCg+b1YX+hVLAA5fGW7Pc=
github.com/google/docsy/dependencies v0.6.0/go.mod h1:EDGc2znMbGUw0RW5kWwy2oGgLt0iVXBmoq4UOqstuNE=
github.com/google/docsy/dependencies v0.7.2 h1:+t5ufoADQAj4XneFphz4A+UU0ICAxmNaRHVWtMYXPSI=
github.com/google/docsy/dependencies v0.7.2/go.mod h1:gihhs5gmgeO+wuoay4FwOzob+jYJVyQbNaQOh788lD4=
github.com/puzzle/docsy-puzzle v0.0.0-20220406081603-2cd9f7c8d79a h1:ivuXhwliGTmfp4Zn9dqHiIHPUbniLhsbSYKrsQIoFKM=
github.com/puzzle/docsy-puzzle v0.0.0-20220406081603-2cd9f7c8d79a/go.mod h1:FHtQEgHYfsiO5d1XXaF/mD5C51PQw1kea8JwTGBs93o=
github.com/puzzle/docsy-puzzle v0.0.0-20230123144731-757054047a02 h1:80gTlzoKpnRjr4F70KAXmNs6UsTAkPgYEyyVguDwheg=
github.com/puzzle/docsy-puzzle v0.0.0-20230123144731-757054047a02/go.mod h1:q4bPnnpLaz5IDdFmQFxCHr85uwAsK9ayut5NNmC4w3I=
github.com/twbs/bootstrap v4.6.1+incompatible/go.mod h1:fZTSrkpSf0/HkL0IIJzvVspTt1r9zuf7XlZau8kpcY0=
github.com/twbs/bootstrap v4.6.2+incompatible/go.mod h1:fZTSrkpSf0/HkL0IIJzvVspTt1r9zuf7XlZau8kpcY0=
github.com/twbs/bootstrap v5.2.3+incompatible/go.mod h1:fZTSrkpSf0/HkL0IIJzvVspTt1r9zuf7XlZau8kpcY0=
github.com/twbs/bootstrap v5.3.3+incompatible/go.mod h1:fZTSrkpSf0/HkL0IIJzvVspTt1r9zuf7XlZau8kpcY0=
